// !$*UTF8*$!
{
	archiveVersion = 1;
	classes = {
	};
	objectVersion = 51;
	objects = {

/* Begin PBXBuildFile section */
		06C6EA49AF6BFD809422AEB1 /* Pods_TodolistIOS.framework in Frameworks */ = {isa = PBXBuildFile; fileRef = 9C24D549B07EE783ABF35E2F /* Pods_TodolistIOS.framework */; };
		C53A4D542327F72F00E9E97F /* AppDelegate.swift in Sources */ = {isa = PBXBuildFile; fileRef = C53A4D532327F72F00E9E97F /* AppDelegate.swift */; };
		C53A4D562327F72F00E9E97F /* TDLViewController.swift in Sources */ = {isa = PBXBuildFile; fileRef = C53A4D552327F72F00E9E97F /* TDLViewController.swift */; };
		C53A4D592327F72F00E9E97F /* Main.storyboard in Resources */ = {isa = PBXBuildFile; fileRef = C53A4D572327F72F00E9E97F /* Main.storyboard */; };
		C53A4D5B2327F73100E9E97F /* Assets.xcassets in Resources */ = {isa = PBXBuildFile; fileRef = C53A4D5A2327F73100E9E97F /* Assets.xcassets */; };
		C53A4D5E2327F73100E9E97F /* LaunchScreen.storyboard in Resources */ = {isa = PBXBuildFile; fileRef = C53A4D5C2327F73100E9E97F /* LaunchScreen.storyboard */; };
		C55E0168232E4FEE00824AF1 /* todoItem.swift in Sources */ = {isa = PBXBuildFile; fileRef = C55E0167232E4FEE00824AF1 /* todoItem.swift */; };
		C55E016A232E500900824AF1 /* Folder.swift in Sources */ = {isa = PBXBuildFile; fileRef = C55E0169232E500900824AF1 /* Folder.swift */; };
		C579E0A12330B88400C640F6 /* SwipeTableViewController.swift in Sources */ = {isa = PBXBuildFile; fileRef = C579E0A02330B88400C640F6 /* SwipeTableViewController.swift */; };
		C5E19358232BC8A70064BBB3 /* CategoryTableViewController.swift in Sources */ = {isa = PBXBuildFile; fileRef = C5E19357232BC8A70064BBB3 /* CategoryTableViewController.swift */; };
/* End PBXBuildFile section */

/* Begin PBXFileReference section */
		32E61DE89F639E604D424A2F /* Pods-TodolistIOS.release.xcconfig */ = {isa = PBXFileReference; includeInIndex = 1; lastKnownFileType = text.xcconfig; name = "Pods-TodolistIOS.release.xcconfig"; path = "Target Support Files/Pods-TodolistIOS/Pods-TodolistIOS.release.xcconfig"; sourceTree = "<group>"; };
		9C24D549B07EE783ABF35E2F /* Pods_TodolistIOS.framework */ = {isa = PBXFileReference; explicitFileType = wrapper.framework; includeInIndex = 0; path = Pods_TodolistIOS.framework; sourceTree = BUILT_PRODUCTS_DIR; };
		AF8CAAFC5A3DCEA0C625704A /* Pods-TodolistIOS.debug.xcconfig */ = {isa = PBXFileReference; includeInIndex = 1; lastKnownFileType = text.xcconfig; name = "Pods-TodolistIOS.debug.xcconfig"; path = "Target Support Files/Pods-TodolistIOS/Pods-TodolistIOS.debug.xcconfig"; sourceTree = "<group>"; };
		C53A4D502327F72F00E9E97F /* TodolistIOS.app */ = {isa = PBXFileReference; explicitFileType = wrapper.application; includeInIndex = 0; path = TodolistIOS.app; sourceTree = BUILT_PRODUCTS_DIR; };
		C53A4D532327F72F00E9E97F /* AppDelegate.swift */ = {isa = PBXFileReference; lastKnownFileType = sourcecode.swift; path = AppDelegate.swift; sourceTree = "<group>"; };
		C53A4D552327F72F00E9E97F /* TDLViewController.swift */ = {isa = PBXFileReference; lastKnownFileType = sourcecode.swift; path = TDLViewController.swift; sourceTree = "<group>"; };
		C53A4D582327F72F00E9E97F /* Base */ = {isa = PBXFileReference; lastKnownFileType = file.storyboard; name = Base; path = Base.lproj/Main.storyboard; sourceTree = "<group>"; };
		C53A4D5A2327F73100E9E97F /* Assets.xcassets */ = {isa = PBXFileReference; lastKnownFileType = folder.assetcatalog; path = Assets.xcassets; sourceTree = "<group>"; };
		C53A4D5D2327F73100E9E97F /* Base */ = {isa = PBXFileReference; lastKnownFileType = file.storyboard; name = Base; path = Base.lproj/LaunchScreen.storyboard; sourceTree = "<group>"; };
		C53A4D5F2327F73100E9E97F /* Info.plist */ = {isa = PBXFileReference; lastKnownFileType = text.plist.xml; path = Info.plist; sourceTree = "<group>"; };
		C55E0167232E4FEE00824AF1 /* todoItem.swift */ = {isa = PBXFileReference; lastKnownFileType = sourcecode.swift; path = todoItem.swift; sourceTree = SOURCE_ROOT; };
		C55E0169232E500900824AF1 /* Folder.swift */ = {isa = PBXFileReference; lastKnownFileType = sourcecode.swift; path = Folder.swift; sourceTree = "<group>"; };
		C579E0A02330B88400C640F6 /* SwipeTableViewController.swift */ = {isa = PBXFileReference; lastKnownFileType = sourcecode.swift; name = SwipeTableViewController.swift; path = TodolistIOS/Model/SwipeTableViewController.swift; sourceTree = SOURCE_ROOT; };
		C5E19357232BC8A70064BBB3 /* CategoryTableViewController.swift */ = {isa = PBXFileReference; lastKnownFileType = sourcecode.swift; name = CategoryTableViewController.swift; path = TodolistIOS/View/CategoryTableViewController.swift; sourceTree = SOURCE_ROOT; };
/* End PBXFileReference section */

/* Begin PBXFrameworksBuildPhase section */
		C53A4D4D2327F72F00E9E97F /* Frameworks */ = {
			isa = PBXFrameworksBuildPhase;
			buildActionMask = 2147483647;
			files = (
				06C6EA49AF6BFD809422AEB1 /* Pods_TodolistIOS.framework in Frameworks */,
			);
			runOnlyForDeploymentPostprocessing = 0;
		};
/* End PBXFrameworksBuildPhase section */

/* Begin PBXGroup section */
		022B9D390631A552F3C1C9E9 /* Pods */ = {
			isa = PBXGroup;
			children = (
				AF8CAAFC5A3DCEA0C625704A /* Pods-TodolistIOS.debug.xcconfig */,
				32E61DE89F639E604D424A2F /* Pods-TodolistIOS.release.xcconfig */,
			);
			path = Pods;
			sourceTree = "<group>";
		};
		50174ED1731224CA6952E915 /* Frameworks */ = {
			isa = PBXGroup;
			children = (
				9C24D549B07EE783ABF35E2F /* Pods_TodolistIOS.framework */,
			);
			name = Frameworks;
			sourceTree = "<group>";
		};
		C53A4D472327F72F00E9E97F = {
			isa = PBXGroup;
			children = (
				C53A4D522327F72F00E9E97F /* TodolistIOS */,
				C53A4D512327F72F00E9E97F /* Products */,
				022B9D390631A552F3C1C9E9 /* Pods */,
				50174ED1731224CA6952E915 /* Frameworks */,
			);
			sourceTree = "<group>";
		};
		C53A4D512327F72F00E9E97F /* Products */ = {
			isa = PBXGroup;
			children = (
				C53A4D502327F72F00E9E97F /* TodolistIOS.app */,
			);
			name = Products;
			sourceTree = "<group>";
		};
		C53A4D522327F72F00E9E97F /* TodolistIOS */ = {
			isa = PBXGroup;
			children = (
				C53A4D532327F72F00E9E97F /* AppDelegate.swift */,
				C53A4D65232905D400E9E97F /* Model */,
				C53A4D66232905E000E9E97F /* View */,
				C53A4D67232905E600E9E97F /* Controller */,
				C53A4D5A2327F73100E9E97F /* Assets.xcassets */,
				C53A4D5C2327F73100E9E97F /* LaunchScreen.storyboard */,
				C53A4D5F2327F73100E9E97F /* Info.plist */,
			);
			path = TodolistIOS;
			sourceTree = "<group>";
		};
		C53A4D65232905D400E9E97F /* Model */ = {
			isa = PBXGroup;
			children = (
				C55E0167232E4FEE00824AF1 /* todoItem.swift */,
				C55E0169232E500900824AF1 /* Folder.swift */,
			);
			path = Model;
			sourceTree = "<group>";
		};
		C53A4D66232905E000E9E97F /* View */ = {
			isa = PBXGroup;
			children = (
				C53A4D572327F72F00E9E97F /* Main.storyboard */,
			);
			path = View;
			sourceTree = "<group>";
		};
		C53A4D67232905E600E9E97F /* Controller */ = {
			isa = PBXGroup;
			children = (
				C579E0A02330B88400C640F6 /* SwipeTableViewController.swift */,
				C5E19357232BC8A70064BBB3 /* CategoryTableViewController.swift */,
				C53A4D552327F72F00E9E97F /* TDLViewController.swift */,
			);
			path = Controller;
			sourceTree = "<group>";
		};
/* End PBXGroup section */

/* Begin PBXNativeTarget section */
		C53A4D4F2327F72F00E9E97F /* TodolistIOS */ = {
			isa = PBXNativeTarget;
			buildConfigurationList = C53A4D622327F73100E9E97F /* Build configuration list for PBXNativeTarget "TodolistIOS" */;
			buildPhases = (
				DBB5508E8E7049F3623978D3 /* [CP] Check Pods Manifest.lock */,
				C53A4D4C2327F72F00E9E97F /* Sources */,
				C53A4D4D2327F72F00E9E97F /* Frameworks */,
				C53A4D4E2327F72F00E9E97F /* Resources */,
				C3321A93E80D1038D8F0FB2F /* [CP] Embed Pods Frameworks */,
			);
			buildRules = (
			);
			dependencies = (
			);
			name = TodolistIOS;
			productName = TodolistIOS;
			productReference = C53A4D502327F72F00E9E97F /* TodolistIOS.app */;
			productType = "com.apple.product-type.application";
		};
/* End PBXNativeTarget section */

/* Begin PBXProject section */
		C53A4D482327F72F00E9E97F /* Project object */ = {
			isa = PBXProject;
			attributes = {
				LastSwiftUpdateCheck = 1030;
				LastUpgradeCheck = 1030;
				ORGANIZATIONNAME = "Ruifeng Zhang";
				TargetAttributes = {
					C53A4D4F2327F72F00E9E97F = {
						CreatedOnToolsVersion = 10.3;
					};
				};
			};
			buildConfigurationList = C53A4D4B2327F72F00E9E97F /* Build configuration list for PBXProject "TodolistIOS" */;
			compatibilityVersion = "Xcode 9.3";
			developmentRegion = en;
			hasScannedForEncodings = 0;
			knownRegions = (
				en,
				Base,
			);
			mainGroup = C53A4D472327F72F00E9E97F;
			productRefGroup = C53A4D512327F72F00E9E97F /* Products */;
			projectDirPath = "";
			projectRoot = "";
			targets = (
				C53A4D4F2327F72F00E9E97F /* TodolistIOS */,
			);
		};
/* End PBXProject section */

/* Begin PBXResourcesBuildPhase section */
		C53A4D4E2327F72F00E9E97F /* Resources */ = {
			isa = PBXResourcesBuildPhase;
			buildActionMask = 2147483647;
			files = (
				C53A4D5E2327F73100E9E97F /* LaunchScreen.storyboard in Resources */,
				C53A4D5B2327F73100E9E97F /* Assets.xcassets in Resources */,
				C53A4D592327F72F00E9E97F /* Main.storyboard in Resources */,
			);
			runOnlyForDeploymentPostprocessing = 0;
		};
/* End PBXResourcesBuildPhase section */

/* Begin PBXShellScriptBuildPhase section */
		C3321A93E80D1038D8F0FB2F /* [CP] Embed Pods Frameworks */ = {
			isa = PBXShellScriptBuildPhase;
			buildActionMask = 2147483647;
			files = (
			);
			inputFileListPaths = (
				"${PODS_ROOT}/Target Support Files/Pods-TodolistIOS/Pods-TodolistIOS-frameworks-${CONFIGURATION}-input-files.xcfilelist",
			);
			name = "[CP] Embed Pods Frameworks";
			outputFileListPaths = (
				"${PODS_ROOT}/Target Support Files/Pods-TodolistIOS/Pods-TodolistIOS-frameworks-${CONFIGURATION}-output-files.xcfilelist",
			);
			runOnlyForDeploymentPostprocessing = 0;
			shellPath = /bin/sh;
			shellScript = "\"${PODS_ROOT}/Target Support Files/Pods-TodolistIOS/Pods-TodolistIOS-frameworks.sh\"\n";
			showEnvVarsInLog = 0;
		};
		DBB5508E8E7049F3623978D3 /* [CP] Check Pods Manifest.lock */ = {
			isa = PBXShellScriptBuildPhase;
			buildActionMask = 2147483647;
			files = (
			);
			inputFileListPaths = (
			);
			inputPaths = (
				"${PODS_PODFILE_DIR_PATH}/Podfile.lock",
				"${PODS_ROOT}/Manifest.lock",
			);
			name = "[CP] Check Pods Manifest.lock";
			outputFileListPaths = (
			);
			outputPaths = (
				"$(DERIVED_FILE_DIR)/Pods-TodolistIOS-checkManifestLockResult.txt",
			);
			runOnlyForDeploymentPostprocessing = 0;
			shellPath = /bin/sh;
			shellScript = "diff \"${PODS_PODFILE_DIR_PATH}/Podfile.lock\" \"${PODS_ROOT}/Manifest.lock\" > /dev/null\nif [ $? != 0 ] ; then\n    # print error to STDERR\n    echo \"error: The sandbox is not in sync with the Podfile.lock. Run 'pod install' or update your CocoaPods installation.\" >&2\n    exit 1\nfi\n# This output is used by Xcode 'outputs' to avoid re-running this script phase.\necho \"SUCCESS\" > \"${SCRIPT_OUTPUT_FILE_0}\"\n";
			showEnvVarsInLog = 0;
		};
/* End PBXShellScriptBuildPhase section */

/* Begin PBXSourcesBuildPhase section */
		C53A4D4C2327F72F00E9E97F /* Sources */ = {
			isa = PBXSourcesBuildPhase;
			buildActionMask = 2147483647;
			files = (
				C53A4D562327F72F00E9E97F /* TDLViewController.swift in Sources */,
				C53A4D542327F72F00E9E97F /* AppDelegate.swift in Sources */,
				C55E0168232E4FEE00824AF1 /* todoItem.swift in Sources */,
				C5E19358232BC8A70064BBB3 /* CategoryTableViewController.swift in Sources */,
				C579E0A12330B88400C640F6 /* SwipeTableViewController.swift in Sources */,
				C55E016A232E500900824AF1 /* Folder.swift in Sources */,
			);
			runOnlyForDeploymentPostprocessing = 0;
		};
/* End PBXSourcesBuildPhase section */

/* Begin PBXVariantGroup section */
		C53A4D572327F72F00E9E97F /* Main.storyboard */ = {
			isa = PBXVariantGroup;
			children = (
				C53A4D582327F72F00E9E97F /* Base */,
			);
			name = Main.storyboard;
			sourceTree = "<group>";
		};
		C53A4D5C2327F73100E9E97F /* LaunchScreen.storyboard */ = {
			isa = PBXVariantGroup;
			children = (
				C53A4D5D2327F73100E9E97F /* Base */,
			);
			name = LaunchScreen.storyboard;
			sourceTree = "<group>";
		};
/* End PBXVariantGroup section */

/* Begin XCBuildConfiguration section */
		C53A4D602327F73100E9E97F /* Debug */ = {
			isa = XCBuildConfiguration;
			buildSettings = {
				ALWAYS_SEARCH_USER_PATHS = NO;
				CLANG_ANALYZER_NONNULL = YES;
				CLANG_ANALYZER_NUMBER_OBJECT_CONVERSION = YES_AGGRESSIVE;
				CLANG_CXX_LANGUAGE_STANDARD = "gnu++14";
				CLANG_CXX_LIBRARY = "libc++";
				CLANG_ENABLE_MODULES = YES;
				CLANG_ENABLE_OBJC_ARC = YES;
				CLANG_ENABLE_OBJC_WEAK = YES;
				CLANG_WARN_BLOCK_CAPTURE_AUTORELEASING = YES;
				CLANG_WARN_BOOL_CONVERSION = YES;
				CLANG_WARN_COMMA = YES;
				CLANG_WARN_CONSTANT_CONVERSION = YES;
				CLANG_WARN_DEPRECATED_OBJC_IMPLEMENTATIONS = YES;
				CLANG_WARN_DIRECT_OBJC_ISA_USAGE = YES_ERROR;
				CLANG_WARN_DOCUMENTATION_COMMENTS = YES;
				CLANG_WARN_EMPTY_BODY = YES;
				CLANG_WARN_ENUM_CONVERSION = YES;
				CLANG_WARN_INFINITE_RECURSION = YES;
				CLANG_WARN_INT_CONVERSION = YES;
				CLANG_WARN_NON_LITERAL_NULL_CONVERSION = YES;
				CLANG_WARN_OBJC_IMPLICIT_RETAIN_SELF = YES;
				CLANG_WARN_OBJC_LITERAL_CONVERSION = YES;
				CLANG_WARN_OBJC_ROOT_CLASS = YES_ERROR;
				CLANG_WARN_RANGE_LOOP_ANALYSIS = YES;
				CLANG_WARN_STRICT_PROTOTYPES = YES;
				CLANG_WARN_SUSPICIOUS_MOVE = YES;
				CLANG_WARN_UNGUARDED_AVAILABILITY = YES_AGGRESSIVE;
				CLANG_WARN_UNREACHABLE_CODE = YES;
				CLANG_WARN__DUPLICATE_METHOD_MATCH = YES;
				CODE_SIGN_IDENTITY = "iPhone Developer";
				COPY_PHASE_STRIP = NO;
				DEBUG_INFORMATION_FORMAT = dwarf;
				ENABLE_STRICT_OBJC_MSGSEND = YES;
				ENABLE_TESTABILITY = YES;
				GCC_C_LANGUAGE_STANDARD = gnu11;
				GCC_DYNAMIC_NO_PIC = NO;
				GCC_NO_COMMON_BLOCKS = YES;
				GCC_OPTIMIZATION_LEVEL = 0;
				GCC_PREPROCESSOR_DEFINITIONS = (
					"DEBUG=1",
					"$(inherited)",
				);
				GCC_WARN_64_TO_32_BIT_CONVERSION = YES;
				GCC_WARN_ABOUT_RETURN_TYPE = YES_ERROR;
				GCC_WARN_UNDECLARED_SELECTOR = YES;
				GCC_WARN_UNINITIALIZED_AUTOS = YES_AGGRESSIVE;
				GCC_WARN_UNUSED_FUNCTION = YES;
				GCC_WARN_UNUSED_VARIABLE = YES;
				IPHONEOS_DEPLOYMENT_TARGET = 12.4;
				MTL_ENABLE_DEBUG_INFO = INCLUDE_SOURCE;
				MTL_FAST_MATH = YES;
				ONLY_ACTIVE_ARCH = YES;
				SDKROOT = iphoneos;
				SWIFT_ACTIVE_COMPILATION_CONDITIONS = DEBUG;
				SWIFT_OPTIMIZATION_LEVEL = "-Onone";
			};
			name = Debug;
		};
		C53A4D612327F73100E9E97F /* Release */ = {
			isa = XCBuildConfiguration;
			buildSettings = {
				ALWAYS_SEARCH_USER_PATHS = NO;
				CLANG_ANALYZER_NONNULL = YES;
				CLANG_ANALYZER_NUMBER_OBJECT_CONVERSION = YES_AGGRESSIVE;
				CLANG_CXX_LANGUAGE_STANDARD = "gnu++14";
				CLANG_CXX_LIBRARY = "libc++";
				CLANG_ENABLE_MODULES = YES;
				CLANG_ENABLE_OBJC_ARC = YES;
				CLANG_ENABLE_OBJC_WEAK = YES;
				CLANG_WARN_BLOCK_CAPTURE_AUTORELEASING = YES;
				CLANG_WARN_BOOL_CONVERSION = YES;
				CLANG_WARN_COMMA = YES;
				CLANG_WARN_CONSTANT_CONVERSION = YES;
				CLANG_WARN_DEPRECATED_OBJC_IMPLEMENTATIONS = YES;
				CLANG_WARN_DIRECT_OBJC_ISA_USAGE = YES_ERROR;
				CLANG_WARN_DOCUMENTATION_COMMENTS = YES;
				CLANG_WARN_EMPTY_BODY = YES;
				CLANG_WARN_ENUM_CONVERSION = YES;
				CLANG_WARN_INFINITE_RECURSION = YES;
				CLANG_WARN_INT_CONVERSION = YES;
				CLANG_WARN_NON_LITERAL_NULL_CONVERSION = YES;
				CLANG_WARN_OBJC_IMPLICIT_RETAIN_SELF = YES;
				CLANG_WARN_OBJC_LITERAL_CONVERSION = YES;
				CLANG_WARN_OBJC_ROOT_CLASS = YES_ERROR;
				CLANG_WARN_RANGE_LOOP_ANALYSIS = YES;
				CLANG_WARN_STRICT_PROTOTYPES = YES;
				CLANG_WARN_SUSPICIOUS_MOVE = YES;
				CLANG_WARN_UNGUARDED_AVAILABILITY = YES_AGGRESSIVE;
				CLANG_WARN_UNREACHABLE_CODE = YES;
				CLANG_WARN__DUPLICATE_METHOD_MATCH = YES;
				CODE_SIGN_IDENTITY = "iPhone Developer";
				COPY_PHASE_STRIP = NO;
				DEBUG_INFORMATION_FORMAT = "dwarf-with-dsym";
				ENABLE_NS_ASSERTIONS = NO;
				ENABLE_STRICT_OBJC_MSGSEND = YES;
				GCC_C_LANGUAGE_STANDARD = gnu11;
				GCC_NO_COMMON_BLOCKS = YES;
				GCC_WARN_64_TO_32_BIT_CONVERSION = YES;
				GCC_WARN_ABOUT_RETURN_TYPE = YES_ERROR;
				GCC_WARN_UNDECLARED_SELECTOR = YES;
				GCC_WARN_UNINITIALIZED_AUTOS = YES_AGGRESSIVE;
				GCC_WARN_UNUSED_FUNCTION = YES;
				GCC_WARN_UNUSED_VARIABLE = YES;
				IPHONEOS_DEPLOYMENT_TARGET = 12.4;
				MTL_ENABLE_DEBUG_INFO = NO;
				MTL_FAST_MATH = YES;
				SDKROOT = iphoneos;
				SWIFT_COMPILATION_MODE = wholemodule;
				SWIFT_OPTIMIZATION_LEVEL = "-O";
				VALIDATE_PRODUCT = YES;
			};
			name = Release;
		};
		C53A4D632327F73100E9E97F /* Debug */ = {
			isa = XCBuildConfiguration;
			baseConfigurationReference = AF8CAAFC5A3DCEA0C625704A /* Pods-TodolistIOS.debug.xcconfig */;
			buildSettings = {
				ASSETCATALOG_COMPILER_APPICON_NAME = AppIcon;
				CODE_SIGN_STYLE = Automatic;
				DEVELOPMENT_TEAM = Q65H9K9VZ6;
				INFOPLIST_FILE = TodolistIOS/Info.plist;
				LD_RUNPATH_SEARCH_PATHS = (
					"$(inherited)",
					"@executable_path/Frameworks",
				);
				PRODUCT_BUNDLE_IDENTIFIER = com.failury.TodolistIOS;
				PRODUCT_NAME = "$(TARGET_NAME)";
				SWIFT_VERSION = 5.0;
				TARGETED_DEVICE_FAMILY = "1,2";
			};
			name = Debug;
		};
		C53A4D642327F73100E9E97F /* Release */ = {
			isa = XCBuildConfiguration;
			baseConfigurationReference = 32E61DE89F639E604D424A2F /* Pods-TodolistIOS.release.xcconfig */;
			buildSettings = {
				ASSETCATALOG_COMPILER_APPICON_NAME = AppIcon;
				CODE_SIGN_STYLE = Automatic;
				DEVELOPMENT_TEAM = Q65H9K9VZ6;
				INFOPLIST_FILE = TodolistIOS/Info.plist;
				LD_RUNPATH_SEARCH_PATHS = (
					"$(inherited)",
					"@executable_path/Frameworks",
				);
				PRODUCT_BUNDLE_IDENTIFIER = com.failury.TodolistIOS;
				PRODUCT_NAME = "$(TARGET_NAME)";
				SWIFT_VERSION = 5.0;
				TARGETED_DEVICE_FAMILY = "1,2";
			};
			name = Release;
		};
/* End XCBuildConfiguration section */

/* Begin XCConfigurationList section */
		C53A4D4B2327F72F00E9E97F /* Build configuration list for PBXProject "TodolistIOS" */ = {
			isa = XCConfigurationList;
			buildConfigurations = (
				C53A4D602327F73100E9E97F /* Debug */,
				C53A4D612327F73100E9E97F /* Release */,
			);
			defaultConfigurationIsVisible = 0;
			defaultConfigurationName = Release;
		};
		C53A4D622327F73100E9E97F /* Build configuration list for PBXNativeTarget "TodolistIOS" */ = {
			isa = XCConfigurationList;
			buildConfigurations = (
				C53A4D632327F73100E9E97F /* Debug */,
				C53A4D642327F73100E9E97F /* Release */,
			);
			defaultConfigurationIsVisible = 0;
			defaultConfigurationName = Release;
		};
/* End XCConfigurationList section */
	};
	rootObject = C53A4D482327F72F00E9E97F /* Project object */;
}
